
Microsoft Visual Studio Solution File, Format Version 12.00
# Visual Studio Version 17
VisualStudioVersion = 17.2.32526.322
MinimumVisualStudioVersion = 10.0.40219.1
Project("{9A19103F-16F7-4668-BE54-9A1E7A4F7556}") = "RestApi.Application", "RestApi\RestApi.Application.csproj", "{A5D16A06-4370-4F45-ACA4-68F2D0B3DA13}"
EndProject
Project("{9A19103F-16F7-4668-BE54-9A1E7A4F7556}") = "RestApi.Domain.Model", "RestApi.Domain\RestApi.Domain.Model.csproj", "{247BF6E0-9029-47CA-AFAC-C7B8D1E47A29}"
EndProject
Project("{9A19103F-16F7-4668-BE54-9A1E7A4F7556}") = "RestApi.Service", "RestApi.Service\RestApi.Service.csproj", "{5B5CE535-38F3-428D-9145-4EE54C528BA6}"
EndProject
Project("{2150E333-8FDC-42A3-9474-1A3956D46DE8}") = "Infraestructure", "Infraestructure", "{A4BA1EE0-098E-433B-8C76-99B18A1F02D9}"
EndProject
Project("{9A19103F-16F7-4668-BE54-9A1E7A4F7556}") = "RestApi.Infraestructure", "RestApi.Infraestrucure.Data\RestApi.Infraestructure.csproj", "{69B5A71E-44A6-4FD6-9F77-613F5C7CA5A4}"
EndProject
Project("{2150E333-8FDC-42A3-9474-1A3956D46DE8}") = "Application", "Application", "{A366BB3B-50EA-4D68-BBE4-9F638A1F5B71}"
EndProject
Project("{2150E333-8FDC-42A3-9474-1A3956D46DE8}") = "Domain", "Domain", "{C21DD6C4-13FB-44F7-8D93-8F8C4A446E81}"
EndProject
Project("{2150E333-8FDC-42A3-9474-1A3956D46DE8}") = "Service", "Service", "{5014AE6D-578E-4199-819A-CBF33BD53817}"
EndProject
Project("{9A19103F-16F7-4668-BE54-9A1E7A4F7556}") = "RestApi.Domain.TO", "RestApi.Domain.TO\RestApi.Domain.TO.csproj", "{4C952B3E-E1FB-43EF-B1FD-3828278A15F9}"
EndProject
Global
	GlobalSection(SolutionConfigurationPlatforms) = preSolution
		Debug|Any CPU = Debug|Any CPU
		Release|Any CPU = Release|Any CPU
	EndGlobalSection
	GlobalSection(ProjectConfigurationPlatforms) = postSolution
		{A5D16A06-4370-4F45-ACA4-68F2D0B3DA13}.Debug|Any CPU.ActiveCfg = Debug|Any CPU
		{A5D16A06-4370-4F45-ACA4-68F2D0B3DA13}.Debug|Any CPU.Build.0 = Debug|Any CPU
		{A5D16A06-4370-4F45-ACA4-68F2D0B3DA13}.Release|Any CPU.ActiveCfg = Release|Any CPU
		{A5D16A06-4370-4F45-ACA4-68F2D0B3DA13}.Release|Any CPU.Build.0 = Release|Any CPU
		{247BF6E0-9029-47CA-AFAC-C7B8D1E47A29}.Debug|Any CPU.ActiveCfg = Debug|Any CPU
		{247BF6E0-9029-47CA-AFAC-C7B8D1E47A29}.Debug|Any CPU.Build.0 = Debug|Any CPU
		{247BF6E0-9029-47CA-AFAC-C7B8D1E47A29}.Release|Any CPU.ActiveCfg = Release|Any CPU
		{247BF6E0-9029-47CA-AFAC-C7B8D1E47A29}.Release|Any CPU.Build.0 = Release|Any CPU
		{5B5CE535-38F3-428D-9145-4EE54C528BA6}.Debug|Any CPU.ActiveCfg = Debug|Any CPU
		{5B5CE535-38F3-428D-9145-4EE54C528BA6}.Debug|Any CPU.Build.0 = Debug|Any CPU
		{5B5CE535-38F3-428D-9145-4EE54C528BA6}.Release|Any CPU.ActiveCfg = Release|Any CPU
		{5B5CE535-38F3-428D-9145-4EE54C528BA6}.Release|Any CPU.Build.0 = Release|Any CPU
		{69B5A71E-44A6-4FD6-9F77-613F5C7CA5A4}.Debug|Any CPU.ActiveCfg = Debug|Any CPU
		{69B5A71E-44A6-4FD6-9F77-613F5C7CA5A4}.Debug|Any CPU.Build.0 = Debug|Any CPU
		{69B5A71E-44A6-4FD6-9F77-613F5C7CA5A4}.Release|Any CPU.ActiveCfg = Release|Any CPU
		{69B5A71E-44A6-4FD6-9F77-613F5C7CA5A4}.Release|Any CPU.Build.0 = Release|Any CPU
		{4C952B3E-E1FB-43EF-B1FD-3828278A15F9}.Debug|Any CPU.ActiveCfg = Debug|Any CPU
		{4C952B3E-E1FB-43EF-B1FD-3828278A15F9}.Debug|Any CPU.Build.0 = Debug|Any CPU
		{4C952B3E-E1FB-43EF-B1FD-3828278A15F9}.Release|Any CPU.ActiveCfg = Release|Any CPU
		{4C952B3E-E1FB-43EF-B1FD-3828278A15F9}.Release|Any CPU.Build.0 = Release|Any CPU
	EndGlobalSection
	GlobalSection(SolutionProperties) = preSolution
		HideSolutionNode = FALSE
	EndGlobalSection
	GlobalSection(NestedProjects) = preSolution
		{A5D16A06-4370-4F45-ACA4-68F2D0B3DA13} = {A366BB3B-50EA-4D68-BBE4-9F638A1F5B71}
		{247BF6E0-9029-47CA-AFAC-C7B8D1E47A29} = {C21DD6C4-13FB-44F7-8D93-8F8C4A446E81}
		{5B5CE535-38F3-428D-9145-4EE54C528BA6} = {5014AE6D-578E-4199-819A-CBF33BD53817}
		{69B5A71E-44A6-4FD6-9F77-613F5C7CA5A4} = {A4BA1EE0-098E-433B-8C76-99B18A1F02D9}
		{4C952B3E-E1FB-43EF-B1FD-3828278A15F9} = {C21DD6C4-13FB-44F7-8D93-8F8C4A446E81}
	EndGlobalSection
	GlobalSection(ExtensibilityGlobals) = postSolution
		SolutionGuid = {69200A57-6AAE-46F3-8417-664890920771}
	EndGlobalSection
EndGlobal
